#MicroXplorer Configuration settings - do not modify
ADC1.CommonPathInternal=ADC_CHANNEL_VREFINT|ADC_CHANNEL_TEMPSENSOR|null|null
ADC1.ContinuousConvMode=ENABLE
ADC1.DMAContinuousRequests=ENABLE
ADC1.EOCSelection=ADC_EOC_SEQ_CONV
ADC1.EnableInjectedConversion=DISABLE
ADC1.EnableRegularConversion=DISABLE
ADC1.IPParameters=master,EnableInjectedConversion,Rank1_Channel,Rank2_Channel,Rank3_Channel,Rank4_Channel,EnableRegularConversion,ContinuousConvMode,DMAContinuousRequests,EOCSelection,CommonPathInternal
ADC1.Rank1_Channel=ADC_CHANNEL_12
ADC1.Rank2_Channel=ADC_CHANNEL_13
ADC1.Rank3_Channel=ADC_CHANNEL_15
ADC1.Rank4_Channel=ADC_CHANNEL_16
ADC1.master=1
CAD.formats=
CAD.pinconfig=
CAD.provider=
Dma.ADC1.2.Direction=DMA_PERIPH_TO_MEMORY
Dma.ADC1.2.EventEnable=DISABLE
Dma.ADC1.2.Instance=DMA1_Channel3
Dma.ADC1.2.MemDataAlignment=DMA_MDATAALIGN_HALFWORD
Dma.ADC1.2.MemInc=DMA_MINC_ENABLE
Dma.ADC1.2.Mode=DMA_NORMAL
Dma.ADC1.2.PeriphDataAlignment=DMA_PDATAALIGN_HALFWORD
Dma.ADC1.2.PeriphInc=DMA_PINC_DISABLE
Dma.ADC1.2.Polarity=HAL_DMAMUX_REQ_GEN_RISING
Dma.ADC1.2.Priority=DMA_PRIORITY_LOW
Dma.ADC1.2.RequestNumber=1
Dma.ADC1.2.RequestParameters=Instance,Direction,PeriphInc,MemInc,PeriphDataAlignment,MemDataAlignment,Mode,Priority,SignalID,Polarity,RequestNumber,SyncSignalID,SyncPolarity,SyncEnable,EventEnable,SyncRequestNumber
Dma.ADC1.2.SignalID=NONE
Dma.ADC1.2.SyncEnable=DISABLE
Dma.ADC1.2.SyncPolarity=HAL_DMAMUX_SYNC_NO_EVENT
Dma.ADC1.2.SyncRequestNumber=1
Dma.ADC1.2.SyncSignalID=NONE
Dma.Request0=USART1_TX
Dma.Request1=USART1_RX
Dma.Request2=ADC1
Dma.RequestsNb=3
Dma.USART1_RX.1.Direction=DMA_PERIPH_TO_MEMORY
Dma.USART1_RX.1.EventEnable=DISABLE
Dma.USART1_RX.1.Instance=DMA1_Channel2
Dma.USART1_RX.1.MemDataAlignment=DMA_MDATAALIGN_BYTE
Dma.USART1_RX.1.MemInc=DMA_MINC_ENABLE
Dma.USART1_RX.1.Mode=DMA_NORMAL
Dma.USART1_RX.1.PeriphDataAlignment=DMA_PDATAALIGN_BYTE
Dma.USART1_RX.1.PeriphInc=DMA_PINC_DISABLE
Dma.USART1_RX.1.Polarity=HAL_DMAMUX_REQ_GEN_RISING
Dma.USART1_RX.1.Priority=DMA_PRIORITY_LOW
Dma.USART1_RX.1.RequestNumber=1
Dma.USART1_RX.1.RequestParameters=Instance,Direction,PeriphInc,MemInc,PeriphDataAlignment,MemDataAlignment,Mode,Priority,SignalID,Polarity,RequestNumber,SyncSignalID,SyncPolarity,SyncEnable,EventEnable,SyncRequestNumber
Dma.USART1_RX.1.SignalID=NONE
Dma.USART1_RX.1.SyncEnable=DISABLE
Dma.USART1_RX.1.SyncPolarity=HAL_DMAMUX_SYNC_NO_EVENT
Dma.USART1_RX.1.SyncRequestNumber=1
Dma.USART1_RX.1.SyncSignalID=NONE
Dma.USART1_TX.0.Direction=DMA_MEMORY_TO_PERIPH
Dma.USART1_TX.0.EventEnable=DISABLE
Dma.USART1_TX.0.Instance=DMA1_Channel1
Dma.USART1_TX.0.MemDataAlignment=DMA_MDATAALIGN_BYTE
Dma.USART1_TX.0.MemInc=DMA_MINC_ENABLE
Dma.USART1_TX.0.Mode=DMA_NORMAL
Dma.USART1_TX.0.PeriphDataAlignment=DMA_PDATAALIGN_BYTE
Dma.USART1_TX.0.PeriphInc=DMA_PINC_DISABLE
Dma.USART1_TX.0.Polarity=HAL_DMAMUX_REQ_GEN_RISING
Dma.USART1_TX.0.Priority=DMA_PRIORITY_LOW
Dma.USART1_TX.0.RequestNumber=1
Dma.USART1_TX.0.RequestParameters=Instance,Direction,PeriphInc,MemInc,PeriphDataAlignment,MemDataAlignment,Mode,Priority,SignalID,Polarity,RequestNumber,SyncSignalID,SyncPolarity,SyncEnable,EventEnable,SyncRequestNumber
Dma.USART1_TX.0.SignalID=NONE
Dma.USART1_TX.0.SyncEnable=DISABLE
Dma.USART1_TX.0.SyncPolarity=HAL_DMAMUX_SYNC_NO_EVENT
Dma.USART1_TX.0.SyncRequestNumber=1
Dma.USART1_TX.0.SyncSignalID=NONE
File.Version=6
GPIO.groupedBy=Group By Peripherals
I2C1.IPParameters=Timing
I2C1.Timing=0x00707CBB
I2C3.IPParameters=Timing
I2C3.Timing=0x00707CBB
KeepUserPlacement=false
Mcu.CPN=STM32WB55RGV6
Mcu.Family=STM32WB
Mcu.IP0=ADC1
Mcu.IP1=DMA
Mcu.IP10=SEQUENCER
Mcu.IP11=STM32_WPAN
Mcu.IP12=SYS
Mcu.IP13=TIM1
Mcu.IP14=TIM2
Mcu.IP15=TINY_LPM
Mcu.IP16=USART1
Mcu.IP17=USB
Mcu.IP2=HSEM
Mcu.IP3=I2C1
Mcu.IP4=I2C3
Mcu.IP5=IPCC
Mcu.IP6=NVIC
Mcu.IP7=RCC
Mcu.IP8=RF
Mcu.IP9=RTC
Mcu.IPNb=18
Mcu.Name=STM32WB55RGVx
Mcu.Package=VFQFPN68
Mcu.Pin0=PC13
Mcu.Pin1=PC14-OSC32_IN
Mcu.Pin10=PA8
Mcu.Pin11=PA9
Mcu.Pin12=PC4
Mcu.Pin13=RF1
Mcu.Pin14=OSC_OUT
Mcu.Pin15=OSC_IN
Mcu.Pin16=PB0
Mcu.Pin17=PB1
Mcu.Pin18=PA10
Mcu.Pin19=PA11
Mcu.Pin2=PC15-OSC32_OUT
Mcu.Pin20=PA12
Mcu.Pin21=PA13
Mcu.Pin22=PA14
Mcu.Pin23=PD0
Mcu.Pin24=PD1
Mcu.Pin25=PB3
Mcu.Pin26=PB5
Mcu.Pin27=PB6
Mcu.Pin28=PB7
Mcu.Pin29=VP_ADC1_TempSens_Input
Mcu.Pin3=PB8
Mcu.Pin30=VP_ADC1_Vref_Input
Mcu.Pin31=VP_HSEM_VS_HSEM
Mcu.Pin32=VP_IPCC_VS_IPCC
Mcu.Pin33=VP_RTC_VS_RTC_Activate
Mcu.Pin34=VP_RTC_VS_RTC_WakeUp_intern
Mcu.Pin35=VP_SEQUENCER_VS_SEQUENCER
Mcu.Pin36=VP_STM32_WPAN_VS_BLE_HOST
Mcu.Pin37=VP_SYS_VS_Systick
Mcu.Pin38=VP_TIM1_VS_ClockSourceINT
Mcu.Pin39=VP_TIM2_VS_ClockSourceINT
Mcu.Pin4=PB9
Mcu.Pin40=VP_TINY_LPM_VS_TINY_LPM
Mcu.Pin5=PC0
Mcu.Pin6=PC1
Mcu.Pin7=PC2
Mcu.Pin8=PC3
Mcu.Pin9=PA7
Mcu.PinsNb=41
Mcu.ThirdPartyNb=0
Mcu.UserConstants=
Mcu.UserName=STM32WB55RGVx
MxCube.Version=6.7.0
MxDb.Version=DB.6.0.70
NVIC.BusFault_IRQn=true\:0\:0\:false\:false\:true\:false\:false\:false
NVIC.DMA1_Channel1_IRQn=true\:0\:0\:false\:false\:true\:false\:true\:true
NVIC.DMA1_Channel2_IRQn=true\:0\:0\:false\:false\:true\:false\:true\:true
NVIC.DMA1_Channel3_IRQn=true\:0\:0\:false\:false\:true\:false\:true\:true
NVIC.DebugMonitor_IRQn=true\:0\:0\:false\:false\:true\:false\:false\:false
NVIC.ForceEnableDMAVector=true
NVIC.HSEM_IRQn=true\:0\:0\:false\:false\:true\:false\:true\:true
NVIC.HardFault_IRQn=true\:0\:0\:false\:false\:true\:false\:false\:false
NVIC.IPCC_C1_RX_IRQn=true\:0\:0\:false\:false\:true\:true\:true\:true
NVIC.IPCC_C1_TX_IRQn=true\:0\:0\:false\:false\:true\:true\:true\:true
NVIC.MemoryManagement_IRQn=true\:0\:0\:false\:false\:true\:false\:false\:false
NVIC.NonMaskableInt_IRQn=true\:0\:0\:false\:false\:true\:false\:false\:false
NVIC.PendSV_IRQn=true\:0\:0\:false\:false\:true\:false\:false\:false
NVIC.PriorityGroup=NVIC_PRIORITYGROUP_4
NVIC.RTC_WKUP_IRQn=true\:0\:0\:false\:false\:true\:true\:true\:true
NVIC.SVCall_IRQn=true\:0\:0\:false\:false\:true\:false\:false\:false
NVIC.SysTick_IRQn=true\:15\:0\:false\:false\:true\:false\:true\:false
NVIC.TIM2_IRQn=true\:0\:0\:false\:false\:true\:true\:true\:true
NVIC.USART1_IRQn=true\:0\:0\:false\:false\:true\:true\:true\:true
NVIC.UsageFault_IRQn=true\:0\:0\:false\:false\:true\:false\:false\:false
OSC_IN.Mode=HSE-External-Oscillator
OSC_IN.Signal=RCC_OSC_IN
OSC_OUT.Mode=HSE-External-Oscillator
OSC_OUT.Signal=RCC_OSC_OUT
PA10.GPIOParameters=GPIO_Label
PA10.GPIO_Label=RGB_LED
PA10.Signal=S_TIM1_CH3
PA11.Mode=Device
PA11.Signal=USB_DM
PA12.Locked=true
PA12.Mode=Device
PA12.Signal=USB_DP
PA13.Mode=Serial_Wire
PA13.Signal=SYS_JTMS-SWDIO
PA14.Mode=Serial_Wire
PA14.Signal=SYS_JTCK-SWCLK
PA7.GPIOParameters=GPIO_Label
PA7.GPIO_Label=CO
PA7.Locked=true
PA7.Signal=ADCx_IN12
PA8.GPIOParameters=GPIO_Label
PA8.GPIO_Label=NH3
PA8.Locked=true
PA8.Signal=ADCx_IN15
PA9.GPIOParameters=GPIO_Label
PA9.GPIO_Label=NO2
PA9.Locked=true
PA9.Signal=ADCx_IN16
PB0.GPIOParameters=GPIO_Label
PB0.GPIO_Label=LED_GREEN
PB0.Locked=true
PB0.Signal=GPIO_Output
PB1.GPIOParameters=GPIO_Label
PB1.GPIO_Label=LED_RED
PB1.Locked=true
PB1.Signal=GPIO_Output
PB3.Locked=true
PB3.Signal=SYS_JTDO-SWO
PB5.GPIOParameters=GPIO_Label
PB5.GPIO_Label=LED_BLUE
PB5.Locked=true
PB5.Signal=GPIO_Output
PB6.Locked=true
PB6.Mode=Asynchronous
PB6.Signal=USART1_TX
PB7.Locked=true
PB7.Mode=Asynchronous
PB7.Signal=USART1_RX
PB8.GPIOParameters=GPIO_Label
PB8.GPIO_Label=SCL
PB8.Mode=I2C
PB8.Signal=I2C1_SCL
PB9.GPIOParameters=GPIO_Label
PB9.GPIO_Label=SDA
PB9.Mode=I2C
PB9.Signal=I2C1_SDA
PC0.Mode=I2C
PC0.Signal=I2C3_SCL
PC1.Locked=true
PC1.Mode=I2C
PC1.Signal=I2C3_SDA
PC13.Locked=true
PC13.Mode=SYS_WakeUp1
PC13.Signal=SYS_WKUP2
PC14-OSC32_IN.Locked=true
PC14-OSC32_IN.Mode=LSE-External-Oscillator
PC14-OSC32_IN.Signal=RCC_OSC32_IN
PC15-OSC32_OUT.Locked=true
PC15-OSC32_OUT.Mode=LSE-External-Oscillator
PC15-OSC32_OUT.Signal=RCC_OSC32_OUT
PC2.GPIOParameters=GPIO_Label
PC2.GPIO_Label=SWITCH_3V
PC2.Locked=true
PC2.Signal=GPIO_Output
PC3.GPIOParameters=GPIO_Label
PC3.GPIO_Label=SWITCH_5V
PC3.Locked=true
PC3.Signal=GPIO_Output
PC4.GPIOParameters=GPIO_Label
PC4.GPIO_Label=BATTERY_LVL
PC4.Locked=true
PC4.Signal=ADCx_IN13
PCC.Ble.ConnectionInterval=1000.0
PCC.Ble.DataLength=6
PCC.Ble.IsUsed=true
PCC.Ble.Mode=Advertising
PCC.Ble.PowerLevel=Min
PCC.Zigbee.IsUsed=false
PCC.Zigbee.Mode=Sleepy End Device
PCC.Zigbee.Payload=15
PCC.Zigbee.PoolPeriodicity=480.0
PCC.Zigbee.PowerLevel=Min
PCC.Zigbee.RequestPeriodicity=1500.0
PD0.GPIOParameters=GPIO_PuPd,GPIO_Label
PD0.GPIO_Label=B2
PD0.GPIO_PuPd=GPIO_PULLUP
PD0.Locked=true
PD0.Signal=GPIO_Input
PD1.GPIOParameters=GPIO_PuPd,GPIO_Label
PD1.GPIO_Label=B3
PD1.GPIO_PuPd=GPIO_PULLUP
PD1.Locked=true
PD1.Signal=GPIO_Input
PinOutPanel.RotationAngle=0
ProjectManager.AskForMigrate=true
ProjectManager.BackupPrevious=false
ProjectManager.CompilerOptimize=6
ProjectManager.ComputerToolchain=false
ProjectManager.CoupleFile=false
ProjectManager.CustomerFirmwarePackage=
ProjectManager.DefaultFWLocation=true
ProjectManager.DeletePrevious=true
ProjectManager.DeviceId=STM32WB55RGVx
ProjectManager.FirmwarePackage=STM32Cube FW_WB V1.15.0
ProjectManager.FreePins=false
ProjectManager.HalAssertFull=false
ProjectManager.HeapSize=0x200
ProjectManager.KeepUserCode=true
ProjectManager.LastFirmware=true
ProjectManager.LibraryCopy=1
ProjectManager.MainLocation=Core/Src
ProjectManager.NoMain=false
ProjectManager.PreviousToolchain=
ProjectManager.ProjectBuild=false
ProjectManager.ProjectFileName=IoT_AirMeasurement.ioc
ProjectManager.ProjectName=IoT_AirMeasurement
ProjectManager.RegisterCallBack=
ProjectManager.StackSize=0x400
ProjectManager.TargetToolchain=STM32CubeIDE
ProjectManager.ToolChainLocation=
ProjectManager.UnderRoot=true
ProjectManager.functionlistsort=1-SystemClock_Config-RCC-false-HAL-false,2-MX_GPIO_Init-GPIO-false-HAL-true,3-MX_DMA_Init-DMA-false-HAL-true,4-MX_ADC1_Init-ADC1-false-HAL-true,5-MX_TIM1_Init-TIM1-false-HAL-true,6-MX_I2C3_Init-I2C3-false-HAL-true,7-MX_IPCC_Init-IPCC-false-HAL-true,8-MX_RF_Init-RF-false-HAL-true,9-MX_RTC_Init-RTC-false-HAL-true,10-MX_USART1_UART_Init-USART1-true-HAL-false,11-MX_USB_PCD_Init-USB-false-HAL-true,12-MX_I2C1_Init-I2C1-false-HAL-true,13-APPE_Init-STM32_WPAN-false-HAL-false,14-MX_TIM2_Init-TIM2-false-HAL-true,0-MX_HSEM_Init-HSEM-false-HAL-true
RCC.ADCFreq_Value=48000000
RCC.AHBFreq_Value=32000000
RCC.APB1Freq_Value=32000000
RCC.APB1TimFreq_Value=32000000
RCC.APB2Freq_Value=32000000
RCC.APB2TimFreq_Value=32000000
RCC.APB3Freq_Value=16000000
RCC.Cortex2Freq_Value=32000000
RCC.CortexFreq_Value=32000000
RCC.FCLK2Freq_Value=32000000
RCC.FCLKCortexFreq_Value=32000000
RCC.FamilyName=M
RCC.HCLK2Freq_Value=32000000
RCC.HCLK3Freq_Value=32000000
RCC.HCLKFreq_Value=32000000
RCC.HCLKRFFreq_Value=16000000
RCC.HSE_VALUE=32000000
RCC.HSI48_VALUE=48000000
RCC.HSI_VALUE=16000000
RCC.I2C1Freq_Value=32000000
RCC.I2C3Freq_Value=32000000
RCC.IPParameters=ADCFreq_Value,AHBFreq_Value,APB1Freq_Value,APB1TimFreq_Value,APB2Freq_Value,APB2TimFreq_Value,APB3Freq_Value,Cortex2Freq_Value,CortexFreq_Value,FCLK2Freq_Value,FCLKCortexFreq_Value,FamilyName,HCLK2Freq_Value,HCLK3Freq_Value,HCLKFreq_Value,HCLKRFFreq_Value,HSE_VALUE,HSI48_VALUE,HSI_VALUE,I2C1Freq_Value,I2C3Freq_Value,LCDFreq_Value,LPTIM1Freq_Value,LPTIM2Freq_Value,LPUART1Freq_Value,LSCOPinFreq_Value,LSI_VALUE,MCO1PinFreq_Value,MSIClockRange,PLLM,PLLPoutputFreq_Value,PLLQoutputFreq_Value,PLLRCLKFreq_Value,PLLSAI1N,PLLSAI1PoutputFreq_Value,PLLSAI1QoutputFreq_Value,PLLSAI1RoutputFreq_Value,PWRFreq_Value,RFWKPClockSelection,RFWKPFreq_Value,RNGFreq_Value,RTCClockSelection,RTCFreq_Value,SAI1Freq_Value,SMPS1Freq_Value,SMPSDivider,SMPSFreq_Value,SYSCLKFreq_VALUE,SYSCLKSource,USART1Freq_Value,USBFreq_Value,VCOInputFreq_Value,VCOOutputFreq_Value,VCOSAI1OutputFreq_Value
RCC.LCDFreq_Value=32768
RCC.LPTIM1Freq_Value=32000000
RCC.LPTIM2Freq_Value=32000000
RCC.LPUART1Freq_Value=32000000
RCC.LSCOPinFreq_Value=32000
RCC.LSI_VALUE=32000
RCC.MCO1PinFreq_Value=32000000
RCC.MSIClockRange=RCC_MSIRANGE_10
RCC.PLLM=RCC_PLLM_DIV2
RCC.PLLPoutputFreq_Value=64000000
RCC.PLLQoutputFreq_Value=64000000
RCC.PLLRCLKFreq_Value=64000000
RCC.PLLSAI1N=6
RCC.PLLSAI1PoutputFreq_Value=48000000
RCC.PLLSAI1QoutputFreq_Value=48000000
RCC.PLLSAI1RoutputFreq_Value=48000000
RCC.PWRFreq_Value=32000000
RCC.RFWKPClockSelection=RCC_RFWKPCLKSOURCE_LSE
RCC.RFWKPFreq_Value=32768
RCC.RNGFreq_Value=32000
RCC.RTCClockSelection=RCC_RTCCLKSOURCE_LSE
RCC.RTCFreq_Value=32768
RCC.SAI1Freq_Value=48000000
RCC.SMPS1Freq_Value=16000000
RCC.SMPSDivider=1
RCC.SMPSFreq_Value=8000000
RCC.SYSCLKFreq_VALUE=32000000
RCC.SYSCLKSource=RCC_SYSCLKSOURCE_HSE
RCC.USART1Freq_Value=32000000
RCC.USBFreq_Value=48000000
RCC.VCOInputFreq_Value=16000000
RCC.VCOOutputFreq_Value=128000000
RCC.VCOSAI1OutputFreq_Value=96000000
RF1.Mode=RF1_Activate
RF1.Signal=RF_RF1
SH.ADCx_IN12.0=ADC1_IN12,IN12-Single-Ended
SH.ADCx_IN12.ConfNb=1
SH.ADCx_IN13.0=ADC1_IN13,IN13-Single-Ended
SH.ADCx_IN13.ConfNb=1
SH.ADCx_IN15.0=ADC1_IN15,IN15-Single-Ended
SH.ADCx_IN15.ConfNb=1
SH.ADCx_IN16.0=ADC1_IN16,IN16-Single-Ended
SH.ADCx_IN16.ConfNb=1
SH.S_TIM1_CH3.0=TIM1_CH3,PWM Generation3 CH3
SH.S_TIM1_CH3.ConfNb=1
STM32_WPAN.AD_TYPE_COMPLETE_LOCAL_NAME=Airiot
STM32_WPAN.AD_TYPE_COMPLETE_LOCAL_NAME_LENGTH=7
STM32_WPAN.CFG_DEBUG_APP_TRACE=1
STM32_WPAN.CFG_DEBUG_TRACE_UART=hw_uart1
STM32_WPAN.CFG_HW_USART1_ENABLED=1
STM32_WPAN.CFG_IO_CAPABILITY=CFG_IO_CAPABILITY_DISPLAY_ONLY
STM32_WPAN.CFG_MITM_PROTECTION=CFG_MITM_PROTECTION_REQUIRED
STM32_WPAN.CFG_USED_FIXED_PIN=1
STM32_WPAN.CUSTOM_P2P_SERVER=Disabled
STM32_WPAN.CUSTOM_TEMPLATE=Enabled
STM32_WPAN.INCLUDE_AD_TYPE_COMPLETE_LOCAL_NAME=1
STM32_WPAN.INCLUDE_AD_TYPE_MANUFACTURER_SPECIFIC_DATA=0
STM32_WPAN.INCLUDE_AD_TYPE_SHORTENED_LOCAL_NAME=0
STM32_WPAN.INCLUDE_AD_TYPE_TX_POWER_LEVEL=0
STM32_WPAN.IPParameters=CUSTOM_P2P_SERVER,CUSTOM_TEMPLATE,CFG_HW_USART1_ENABLED,CFG_DEBUG_TRACE_UART,CFG_DEBUG_APP_TRACE,INCLUDE_AD_TYPE_COMPLETE_LOCAL_NAME,AD_TYPE_COMPLETE_LOCAL_NAME,AD_TYPE_COMPLETE_LOCAL_NAME_LENGTH,NUMBER_OF_SERVICES,SERVICE1_LONG_NAME,SERVICE1_SHORT_NAME,SERVICE1_CHAR1_LONG_NAME,SERVICE1_CHAR1_SHORT_NAME,SERVICE1_CHAR1_GATT_NOTIFY_ATTRIBUTE_WRITE,SERVICE1_CHAR1_GATT_NOTIFY_WRITE_REQ_AND_WAIT_FOR_APPL_RESP,SERVICE1_CHAR1_GATT_NOTIFY_READ_REQ_AND_WAIT_FOR_APPL_RESP,CFG_IO_CAPABILITY,CFG_MITM_PROTECTION,SERVICE1_CHAR1_ATTR_PERMISSION_ENCRY_READ,INCLUDE_AD_TYPE_SHORTENED_LOCAL_NAME,INCLUDE_AD_TYPE_TX_POWER_LEVEL,INCLUDE_AD_TYPE_MANUFACTURER_SPECIFIC_DATA,PAIRING_PARAMETERS,CFG_USED_FIXED_PIN,SERVICE1_CHAR1_ATTR_PERMISSION_AUTHEN_READ,SERVICE1_UUID_128_INPUT_TYPE,SERVICE1_CHAR1_PROP_WRITE,SERVICE1_NUMBER_OF_CHARACTERISTICS,SERVICE1_CHAR2_LONG_NAME,SERVICE1_CHAR2_SHORT_NAME,SERVICE1_CHAR2_UUID,SERVICE1_CHAR2_PROP_NOTIFY,SERVICE2_LONG_NAME,SERVICE2_SHORT_NAME,SERVICE2_CHAR1_LONG_NAME,SERVICE2_CHAR1_SHORT_NAME,SERVICE2_CHAR1_PROP_NOTIFY,SERVICE2_CHAR1_LENGTH_CHARACTERISTIC,SERVICE2_CHAR1_VALUE_LENGTH,SERVICE2_TYPE,SERVICE2_UUID,SERVICE3_LONG_NAME,SERVICE3_SHORT_NAME,SERVICE3_UUID,SERVICE3_CHAR1_LONG_NAME,SERVICE3_CHAR1_SHORT_NAME,SERVICE3_CHAR1_GATT_NOTIFY_ATTRIBUTE_WRITE,SERVICE3_CHAR1_GATT_NOTIFY_WRITE_REQ_AND_WAIT_FOR_APPL_RESP,SERVICE3_CHAR1_GATT_NOTIFY_READ_REQ_AND_WAIT_FOR_APPL_RESP,SERVICE3_CHAR1_VALUE_LENGTH,SERVICE3_NUMBER_OF_CHARACTERISTICS,SERVICE3_CHAR2_LONG_NAME,SERVICE3_CHAR2_SHORT_NAME,SERVICE3_CHAR2_UUID,SERVICE3_CHAR2_PROP_NOTIFY,SERVICE3_CHAR2_GATT_NOTIFY_ATTRIBUTE_WRITE,SERVICE3_CHAR2_GATT_NOTIFY_WRITE_REQ_AND_WAIT_FOR_APPL_RESP,SERVICE3_CHAR2_GATT_NOTIFY_READ_REQ_AND_WAIT_FOR_APPL_RESP,SERVICE3_CHAR2_VALUE_LENGTH,SERVICE3_UUID_TYPE,SERVICE3_CHAR2_LENGTH_CHARACTERISTIC,SERVICE1_CHAR1_UUID,SERVICE1_CHAR1_PROP_NOTIFY,SERVICE1_CHAR2_GATT_NOTIFY_ATTRIBUTE_WRITE,SERVICE1_CHAR2_GATT_NOTIFY_WRITE_REQ_AND_WAIT_FOR_APPL_RESP,SERVICE1_CHAR2_GATT_NOTIFY_READ_REQ_AND_WAIT_FOR_APPL_RESP,SERVICE1_CHAR3_LONG_NAME,SERVICE1_CHAR3_SHORT_NAME,SERVICE1_CHAR3_UUID,SERVICE1_CHAR3_PROP_NOTIFY,SERVICE1_CHAR3_GATT_NOTIFY_ATTRIBUTE_WRITE,SERVICE1_CHAR3_GATT_NOTIFY_WRITE_REQ_AND_WAIT_FOR_APPL_RESP,SERVICE1_CHAR3_GATT_NOTIFY_READ_REQ_AND_WAIT_FOR_APPL_RESP,SERVICE2_CHAR1_UUID,SERVICE2_CHAR1_GATT_NOTIFY_ATTRIBUTE_WRITE,SERVICE2_CHAR1_GATT_NOTIFY_WRITE_REQ_AND_WAIT_FOR_APPL_RESP,SERVICE2_CHAR1_GATT_NOTIFY_READ_REQ_AND_WAIT_FOR_APPL_RESP,SERVICE2_NUMBER_OF_CHARACTERISTICS,SERVICE2_CHAR2_LONG_NAME,SERVICE2_CHAR2_SHORT_NAME,SERVICE2_CHAR2_UUID,SERVICE2_CHAR2_PROP_NOTIFY,SERVICE2_CHAR2_GATT_NOTIFY_ATTRIBUTE_WRITE,SERVICE2_CHAR2_GATT_NOTIFY_WRITE_REQ_AND_WAIT_FOR_APPL_RESP,SERVICE2_CHAR2_GATT_NOTIFY_READ_REQ_AND_WAIT_FOR_APPL_RESP,SERVICE2_CHAR3_LONG_NAME,SERVICE2_CHAR3_SHORT_NAME,SERVICE2_CHAR3_UUID,SERVICE2_CHAR3_PROP_NOTIFY,SERVICE2_CHAR3_GATT_NOTIFY_READ_REQ_AND_WAIT_FOR_APPL_RESP,SERVICE2_CHAR3_GATT_NOTIFY_WRITE_REQ_AND_WAIT_FOR_APPL_RESP,SERVICE2_CHAR3_GATT_NOTIFY_ATTRIBUTE_WRITE,SERVICE2_CHAR4_LONG_NAME,SERVICE2_CHAR4_SHORT_NAME,SERVICE2_CHAR4_UUID,SERVICE2_CHAR4_PROP_NOTIFY,SERVICE2_CHAR4_GATT_NOTIFY_ATTRIBUTE_WRITE,SERVICE2_CHAR4_GATT_NOTIFY_WRITE_REQ_AND_WAIT_FOR_APPL_RESP,SERVICE2_CHAR4_GATT_NOTIFY_READ_REQ_AND_WAIT_FOR_APPL_RESP,SERVICE3_CHAR1_UUID,SERVICE3_CHAR1_PROP_NOTIFY,SERVICE3_CHAR3_LONG_NAME,SERVICE3_CHAR3_SHORT_NAME,SERVICE3_CHAR3_UUID,SERVICE3_CHAR3_PROP_NOTIFY,SERVICE3_CHAR3_GATT_NOTIFY_ATTRIBUTE_WRITE,SERVICE3_CHAR3_GATT_NOTIFY_WRITE_REQ_AND_WAIT_FOR_APPL_RESP,SERVICE3_CHAR3_GATT_NOTIFY_READ_REQ_AND_WAIT_FOR_APPL_RESP
STM32_WPAN.NUMBER_OF_SERVICES=3
STM32_WPAN.PAIRING_PARAMETERS=ON
STM32_WPAN.SERVICE1_CHAR1_ATTR_PERMISSION_AUTHEN_READ=ATTR_PERMISSION_AUTHEN_READ
STM32_WPAN.SERVICE1_CHAR1_ATTR_PERMISSION_ENCRY_READ=\ 
STM32_WPAN.SERVICE1_CHAR1_GATT_NOTIFY_ATTRIBUTE_WRITE=GATT_NOTIFY_ATTRIBUTE_WRITE
STM32_WPAN.SERVICE1_CHAR1_GATT_NOTIFY_READ_REQ_AND_WAIT_FOR_APPL_RESP=\ 
STM32_WPAN.SERVICE1_CHAR1_GATT_NOTIFY_WRITE_REQ_AND_WAIT_FOR_APPL_RESP=\ 
STM32_WPAN.SERVICE1_CHAR1_LONG_NAME=MODE
STM32_WPAN.SERVICE1_CHAR1_PROP_NOTIFY=CHAR_PROP_NOTIFY
STM32_WPAN.SERVICE1_CHAR1_PROP_WRITE=CHAR_PROP_WRITE
STM32_WPAN.SERVICE1_CHAR1_SHORT_NAME=MODE
STM32_WPAN.SERVICE1_CHAR1_UUID=18 0A
STM32_WPAN.SERVICE1_CHAR2_GATT_NOTIFY_ATTRIBUTE_WRITE=\ 
STM32_WPAN.SERVICE1_CHAR2_GATT_NOTIFY_READ_REQ_AND_WAIT_FOR_APPL_RESP=\ 
STM32_WPAN.SERVICE1_CHAR2_GATT_NOTIFY_WRITE_REQ_AND_WAIT_FOR_APPL_RESP=\ 
STM32_WPAN.SERVICE1_CHAR2_LONG_NAME=BATTERY_V
STM32_WPAN.SERVICE1_CHAR2_PROP_NOTIFY=CHAR_PROP_NOTIFY
STM32_WPAN.SERVICE1_CHAR2_SHORT_NAME=BATTERY_V
STM32_WPAN.SERVICE1_CHAR2_UUID=2A 19
STM32_WPAN.SERVICE1_CHAR3_GATT_NOTIFY_ATTRIBUTE_WRITE=\ 
STM32_WPAN.SERVICE1_CHAR3_GATT_NOTIFY_READ_REQ_AND_WAIT_FOR_APPL_RESP=\ 
STM32_WPAN.SERVICE1_CHAR3_GATT_NOTIFY_WRITE_REQ_AND_WAIT_FOR_APPL_RESP=\ 
STM32_WPAN.SERVICE1_CHAR3_LONG_NAME=MCU_TEMP
STM32_WPAN.SERVICE1_CHAR3_PROP_NOTIFY=CHAR_PROP_NOTIFY
STM32_WPAN.SERVICE1_CHAR3_SHORT_NAME=MCU_TEMP
STM32_WPAN.SERVICE1_CHAR3_UUID=2A 1C
STM32_WPAN.SERVICE1_LONG_NAME=STATUS_SVC
STM32_WPAN.SERVICE1_NUMBER_OF_CHARACTERISTICS=3
STM32_WPAN.SERVICE1_SHORT_NAME=STATUS_SVC
STM32_WPAN.SERVICE1_UUID_128_INPUT_TYPE=0
STM32_WPAN.SERVICE2_CHAR1_GATT_NOTIFY_ATTRIBUTE_WRITE=\ 
STM32_WPAN.SERVICE2_CHAR1_GATT_NOTIFY_READ_REQ_AND_WAIT_FOR_APPL_RESP=\ 
STM32_WPAN.SERVICE2_CHAR1_GATT_NOTIFY_WRITE_REQ_AND_WAIT_FOR_APPL_RESP=\ 
STM32_WPAN.SERVICE2_CHAR1_LENGTH_CHARACTERISTIC=CHAR_VALUE_LEN_VARIABLE
STM32_WPAN.SERVICE2_CHAR1_LONG_NAME=BME_IAQ
STM32_WPAN.SERVICE2_CHAR1_PROP_NOTIFY=CHAR_PROP_NOTIFY
STM32_WPAN.SERVICE2_CHAR1_SHORT_NAME=BME_IAQ
STM32_WPAN.SERVICE2_CHAR1_UUID=2B 8C
STM32_WPAN.SERVICE2_CHAR1_VALUE_LENGTH=0x1
STM32_WPAN.SERVICE2_CHAR2_GATT_NOTIFY_ATTRIBUTE_WRITE=\ 
STM32_WPAN.SERVICE2_CHAR2_GATT_NOTIFY_READ_REQ_AND_WAIT_FOR_APPL_RESP=\ 
STM32_WPAN.SERVICE2_CHAR2_GATT_NOTIFY_WRITE_REQ_AND_WAIT_FOR_APPL_RESP=\ 
STM32_WPAN.SERVICE2_CHAR2_LONG_NAME=BME_TEMP
STM32_WPAN.SERVICE2_CHAR2_PROP_NOTIFY=CHAR_PROP_NOTIFY
STM32_WPAN.SERVICE2_CHAR2_SHORT_NAME=BME_TEMP
STM32_WPAN.SERVICE2_CHAR2_UUID=2A 6E
STM32_WPAN.SERVICE2_CHAR3_GATT_NOTIFY_ATTRIBUTE_WRITE=\ 
STM32_WPAN.SERVICE2_CHAR3_GATT_NOTIFY_READ_REQ_AND_WAIT_FOR_APPL_RESP=\ 
STM32_WPAN.SERVICE2_CHAR3_GATT_NOTIFY_WRITE_REQ_AND_WAIT_FOR_APPL_RESP=\ 
STM32_WPAN.SERVICE2_CHAR3_LONG_NAME=BME_HUM
STM32_WPAN.SERVICE2_CHAR3_PROP_NOTIFY=CHAR_PROP_NOTIFY
STM32_WPAN.SERVICE2_CHAR3_SHORT_NAME=BME_HUM
STM32_WPAN.SERVICE2_CHAR3_UUID=2A 6F
STM32_WPAN.SERVICE2_CHAR4_GATT_NOTIFY_ATTRIBUTE_WRITE=\ 
STM32_WPAN.SERVICE2_CHAR4_GATT_NOTIFY_READ_REQ_AND_WAIT_FOR_APPL_RESP=\ 
STM32_WPAN.SERVICE2_CHAR4_GATT_NOTIFY_WRITE_REQ_AND_WAIT_FOR_APPL_RESP=\ 
STM32_WPAN.SERVICE2_CHAR4_LONG_NAME=BME_PRESS
STM32_WPAN.SERVICE2_CHAR4_PROP_NOTIFY=CHAR_PROP_NOTIFY
STM32_WPAN.SERVICE2_CHAR4_SHORT_NAME=BME_PRESS
STM32_WPAN.SERVICE2_CHAR4_UUID=2A 6D
STM32_WPAN.SERVICE2_LONG_NAME=BME_SVC
STM32_WPAN.SERVICE2_NUMBER_OF_CHARACTERISTICS=4
STM32_WPAN.SERVICE2_SHORT_NAME=BME_SVC
STM32_WPAN.SERVICE2_TYPE=PRIMARY_SERVICE
STM32_WPAN.SERVICE2_UUID=10 7A
STM32_WPAN.SERVICE3_CHAR1_GATT_NOTIFY_ATTRIBUTE_WRITE=\ 
STM32_WPAN.SERVICE3_CHAR1_GATT_NOTIFY_READ_REQ_AND_WAIT_FOR_APPL_RESP=\ 
STM32_WPAN.SERVICE3_CHAR1_GATT_NOTIFY_WRITE_REQ_AND_WAIT_FOR_APPL_RESP=\ 
STM32_WPAN.SERVICE3_CHAR1_LONG_NAME=CO
STM32_WPAN.SERVICE3_CHAR1_PROP_NOTIFY=CHAR_PROP_NOTIFY
STM32_WPAN.SERVICE3_CHAR1_SHORT_NAME=CO
STM32_WPAN.SERVICE3_CHAR1_UUID=2B D0
STM32_WPAN.SERVICE3_CHAR1_VALUE_LENGTH=1
STM32_WPAN.SERVICE3_CHAR2_GATT_NOTIFY_ATTRIBUTE_WRITE=\ 
STM32_WPAN.SERVICE3_CHAR2_GATT_NOTIFY_READ_REQ_AND_WAIT_FOR_APPL_RESP=\ 
STM32_WPAN.SERVICE3_CHAR2_GATT_NOTIFY_WRITE_REQ_AND_WAIT_FOR_APPL_RESP=\ 
STM32_WPAN.SERVICE3_CHAR2_LENGTH_CHARACTERISTIC=CHAR_VALUE_LEN_CONSTANT
STM32_WPAN.SERVICE3_CHAR2_LONG_NAME=NH3
STM32_WPAN.SERVICE3_CHAR2_PROP_NOTIFY=CHAR_PROP_NOTIFY
STM32_WPAN.SERVICE3_CHAR2_SHORT_NAME=NH3
STM32_WPAN.SERVICE3_CHAR2_UUID=2B CF
STM32_WPAN.SERVICE3_CHAR2_VALUE_LENGTH=1
STM32_WPAN.SERVICE3_CHAR3_GATT_NOTIFY_ATTRIBUTE_WRITE=\ 
STM32_WPAN.SERVICE3_CHAR3_GATT_NOTIFY_READ_REQ_AND_WAIT_FOR_APPL_RESP=\ 
STM32_WPAN.SERVICE3_CHAR3_GATT_NOTIFY_WRITE_REQ_AND_WAIT_FOR_APPL_RESP=\ 
STM32_WPAN.SERVICE3_CHAR3_LONG_NAME=NO2
STM32_WPAN.SERVICE3_CHAR3_PROP_NOTIFY=CHAR_PROP_NOTIFY
STM32_WPAN.SERVICE3_CHAR3_SHORT_NAME=NO2
STM32_WPAN.SERVICE3_CHAR3_UUID=2B D2
STM32_WPAN.SERVICE3_LONG_NAME=MiCS_SVC
STM32_WPAN.SERVICE3_NUMBER_OF_CHARACTERISTICS=3
STM32_WPAN.SERVICE3_SHORT_NAME=MiCS_SVC
STM32_WPAN.SERVICE3_UUID=00 1A
STM32_WPAN.SERVICE3_UUID_TYPE=0x01
TIM1.AutoReloadPreload=TIM_AUTORELOAD_PRELOAD_ENABLE
TIM1.Channel-PWM\ Generation3\ CH3=TIM_CHANNEL_3
TIM1.IPParameters=Channel-PWM Generation3 CH3,Prescaler,Period,AutoReloadPreload
TIM1.Period=16000
TIM1.Prescaler=1000
TIM2.AutoReloadPreload=TIM_AUTORELOAD_PRELOAD_ENABLE
TIM2.IPParameters=Prescaler,Period,AutoReloadPreload
TIM2.Period=16000
TIM2.Prescaler=1000
USART1.IPParameters=VirtualMode-Asynchronous
USART1.VirtualMode-Asynchronous=VM_ASYNC
VP_ADC1_TempSens_Input.Mode=IN-TempSens
VP_ADC1_TempSens_Input.Signal=ADC1_TempSens_Input
VP_ADC1_Vref_Input.Mode=IN-Vrefint
VP_ADC1_Vref_Input.Signal=ADC1_Vref_Input
VP_HSEM_VS_HSEM.Mode=HSEM_Activate
VP_HSEM_VS_HSEM.Signal=HSEM_VS_HSEM
VP_IPCC_VS_IPCC.Mode=IPCC_Activate
VP_IPCC_VS_IPCC.Signal=IPCC_VS_IPCC
VP_RTC_VS_RTC_Activate.Mode=RTC_Enabled
VP_RTC_VS_RTC_Activate.Signal=RTC_VS_RTC_Activate
VP_RTC_VS_RTC_WakeUp_intern.Mode=WakeUp
VP_RTC_VS_RTC_WakeUp_intern.Signal=RTC_VS_RTC_WakeUp_intern
VP_SEQUENCER_VS_SEQUENCER.Mode=SEQUENCER_Enabled
VP_SEQUENCER_VS_SEQUENCER.Signal=SEQUENCER_VS_SEQUENCER
VP_STM32_WPAN_VS_BLE_HOST.Mode=STM32_WPAN_Enabled
VP_STM32_WPAN_VS_BLE_HOST.Signal=STM32_WPAN_VS_BLE_HOST
VP_SYS_VS_Systick.Mode=SysTick
VP_SYS_VS_Systick.Signal=SYS_VS_Systick
VP_TIM1_VS_ClockSourceINT.Mode=Internal
VP_TIM1_VS_ClockSourceINT.Signal=TIM1_VS_ClockSourceINT
VP_TIM2_VS_ClockSourceINT.Mode=Internal
VP_TIM2_VS_ClockSourceINT.Signal=TIM2_VS_ClockSourceINT
VP_TINY_LPM_VS_TINY_LPM.Mode=TINY_LPM_Enabled
VP_TINY_LPM_VS_TINY_LPM.Signal=TINY_LPM_VS_TINY_LPM
board=custom
isbadioc=false
